
Microsoft Visual Studio Solution File, Format Version 12.00
# Visual Studio Version 17
VisualStudioVersion = 17.3.32811.315
MinimumVisualStudioVersion = 10.0.40219.1
Project("{FAE04EC0-301F-11D3-BF4B-00C04F79EFBC}") = "TesteStripe", "TesteStripe\TesteStripe.csproj", "{192E4F62-F923-4DD2-8E36-2A4E3869C1D4}"
EndProject
Global
	GlobalSection(SolutionConfigurationPlatforms) = preSolution
		Debug|Any CPU = Debug|Any CPU
		Release|Any CPU = Release|Any CPU
	EndGlobalSection
	GlobalSection(ProjectConfigurationPlatforms) = postSolution
		{192E4F62-F923-4DD2-8E36-2A4E3869C1D4}.Debug|Any CPU.ActiveCfg = Debug|Any CPU
		{192E4F62-F923-4DD2-8E36-2A4E3869C1D4}.Debug|Any CPU.Build.0 = Debug|Any CPU
		{192E4F62-F923-4DD2-8E36-2A4E3869C1D4}.Release|Any CPU.ActiveCfg = Release|Any CPU
		{192E4F62-F923-4DD2-8E36-2A4E3869C1D4}.Release|Any CPU.Build.0 = Release|Any CPU
	EndGlobalSection
	GlobalSection(SolutionProperties) = preSolution
		HideSolutionNode = FALSE
	EndGlobalSection
	GlobalSection(ExtensibilityGlobals) = postSolution
		SolutionGuid = {FC1D6251-4B54-4FA9-B9DB-517575FE592A}
	EndGlobalSection
EndGlobal
